
Microsoft Visual Studio Solution File, Format Version 12.00
# Visual Studio Version 17
VisualStudioVersion = 17.9.34526.213
MinimumVisualStudioVersion = 10.0.40219.1
Project("{9A19103F-16F7-4668-BE54-9A1E7A4F7556}") = "artur_gde_krosi_Vue.Server", "artur_gde_krosi_Vue.Server\artur_gde_krosi_Vue.Server.csproj", "{74C3118E-BE60-4039-AEC1-E30195C0DAB7}"
EndProject
Project("{54A90642-561A-4BB1-A94E-469ADEE60C69}") = "artur_gde_krosi_vue.client", "artur_gde_krosi_vue.client\artur_gde_krosi_vue.client.esproj", "{CD5AE7D4-DC2A-4A14-B131-83FB62D26AFE}"
EndProject
Project("{9A19103F-16F7-4668-BE54-9A1E7A4F7556}") = "ServerTest", "ServerTest\ServerTest.csproj", "{D27C1D32-01BF-47CA-859E-37C0F32391A6}"
EndProject
Project("{E53339B2-1760-4266-BCC7-CA923CBCF16C}") = "docker-compose", "docker-compose.dcproj", "{75CF4BCD-B508-4954-8055-2A6913429352}"
EndProject
Global
	GlobalSection(SolutionConfigurationPlatforms) = preSolution
		Debug|Any CPU = Debug|Any CPU
		Release|Any CPU = Release|Any CPU
	EndGlobalSection
	GlobalSection(ProjectConfigurationPlatforms) = postSolution
		{74C3118E-BE60-4039-AEC1-E30195C0DAB7}.Debug|Any CPU.ActiveCfg = Release|Any CPU
		{74C3118E-BE60-4039-AEC1-E30195C0DAB7}.Debug|Any CPU.Build.0 = Release|Any CPU
		{74C3118E-BE60-4039-AEC1-E30195C0DAB7}.Release|Any CPU.ActiveCfg = Release|Any CPU
		{74C3118E-BE60-4039-AEC1-E30195C0DAB7}.Release|Any CPU.Build.0 = Release|Any CPU
		{CD5AE7D4-DC2A-4A14-B131-83FB62D26AFE}.Debug|Any CPU.ActiveCfg = Debug|Any CPU
		{CD5AE7D4-DC2A-4A14-B131-83FB62D26AFE}.Debug|Any CPU.Build.0 = Debug|Any CPU
		{CD5AE7D4-DC2A-4A14-B131-83FB62D26AFE}.Debug|Any CPU.Deploy.0 = Debug|Any CPU
		{CD5AE7D4-DC2A-4A14-B131-83FB62D26AFE}.Release|Any CPU.ActiveCfg = Release|Any CPU
		{CD5AE7D4-DC2A-4A14-B131-83FB62D26AFE}.Release|Any CPU.Build.0 = Release|Any CPU
		{CD5AE7D4-DC2A-4A14-B131-83FB62D26AFE}.Release|Any CPU.Deploy.0 = Release|Any CPU
		{D27C1D32-01BF-47CA-859E-37C0F32391A6}.Debug|Any CPU.ActiveCfg = Debug|Any CPU
		{D27C1D32-01BF-47CA-859E-37C0F32391A6}.Debug|Any CPU.Build.0 = Debug|Any CPU
		{D27C1D32-01BF-47CA-859E-37C0F32391A6}.Release|Any CPU.ActiveCfg = Release|Any CPU
		{D27C1D32-01BF-47CA-859E-37C0F32391A6}.Release|Any CPU.Build.0 = Release|Any CPU
		{75CF4BCD-B508-4954-8055-2A6913429352}.Debug|Any CPU.ActiveCfg = Debug|Any CPU
		{75CF4BCD-B508-4954-8055-2A6913429352}.Debug|Any CPU.Build.0 = Debug|Any CPU
		{75CF4BCD-B508-4954-8055-2A6913429352}.Release|Any CPU.ActiveCfg = Release|Any CPU
		{75CF4BCD-B508-4954-8055-2A6913429352}.Release|Any CPU.Build.0 = Release|Any CPU
	EndGlobalSection
	GlobalSection(SolutionProperties) = preSolution
		HideSolutionNode = FALSE
	EndGlobalSection
	GlobalSection(ExtensibilityGlobals) = postSolution
		SolutionGuid = {A1A1451C-DBA2-427F-AB93-8001A150851B}
	EndGlobalSection
EndGlobal
